{
  "name": "accenture",
  "lockfileVersion": 3,
  "requires": true,
  "packages": {
    "": {
      "dependencies": {
        "@ionic/angular": "^8.4.1",
        "tslib": "^2.8.1"
      }
    },
    "node_modules/@angular/common": {
      "version": "19.0.5",
      "resolved": "https://registry.npmjs.org/@angular/common/-/common-19.0.5.tgz",
      "integrity": "sha512-fFK+euCj1AjBHBCpj9VnduMSeqoMRhZZHbhPYiND7tucRRJ8vwGU0sYK2KI/Ko+fsrNIXL/0O4F36jVPl09Smg==",
      "peer": true,
      "dependencies": {
        "tslib": "^2.3.0"
      },
      "engines": {
        "node": "^18.19.1 || ^20.11.1 || >=22.0.0"
      },
      "peerDependencies": {
        "@angular/core": "19.0.5",
        "rxjs": "^6.5.3 || ^7.4.0"
      }
    },
    "node_modules/@angular/core": {
      "version": "19.0.5",
      "resolved": "https://registry.npmjs.org/@angular/core/-/core-19.0.5.tgz",
      "integrity": "sha512-Ywc6sPO6G/Y1stfk3y/MallV/h0yzQ0vdOHRWueLrk5kD1DTdbolV4X03Cs3PuVvravgcSVE3nnuuHFuH32emQ==",
      "peer": true,
      "dependencies": {
        "tslib": "^2.3.0"
      },
      "engines": {
        "node": "^18.19.1 || ^20.11.1 || >=22.0.0"
      },
      "peerDependencies": {
        "rxjs": "^6.5.3 || ^7.4.0",
        "zone.js": "~0.15.0"
      }
    },
    "node_modules/@angular/forms": {
      "version": "19.0.5",
      "resolved": "https://registry.npmjs.org/@angular/forms/-/forms-19.0.5.tgz",
      "integrity": "sha512-OhNFkfOoguqCDq07vNBV28FFrmTM8S11Z3Cd6PQZJJF9TgAtpV5KtF7A3eXBCN92W4pmqluomPjfK7YyImzIYQ==",
      "peer": true,
      "dependencies": {
        "tslib": "^2.3.0"
      },
      "engines": {
        "node": "^18.19.1 || ^20.11.1 || >=22.0.0"
      },
      "peerDependencies": {
        "@angular/common": "19.0.5",
        "@angular/core": "19.0.5",
        "@angular/platform-browser": "19.0.5",
        "rxjs": "^6.5.3 || ^7.4.0"
      }
    },
    "node_modules/@angular/platform-browser": {
      "version": "19.0.5",
      "resolved": "https://registry.npmjs.org/@angular/platform-browser/-/platform-browser-19.0.5.tgz",
      "integrity": "sha512-41+Jo5DEil4Ifvv+UE/p1l9YJtYN+xfhx+/C9cahVgvV5D2q+givyK73d0Mnb6XOfe1q+hoV5lZ+XhQYp21//g==",
      "peer": true,
      "dependencies": {
        "tslib": "^2.3.0"
      },
      "engines": {
        "node": "^18.19.1 || ^20.11.1 || >=22.0.0"
      },
      "peerDependencies": {
        "@angular/animations": "19.0.5",
        "@angular/common": "19.0.5",
        "@angular/core": "19.0.5"
      },
      "peerDependenciesMeta": {
        "@angular/animations": {
          "optional": true
        }
      }
    },
    "node_modules/@angular/router": {
      "version": "19.0.5",
      "resolved": "https://registry.npmjs.org/@angular/router/-/router-19.0.5.tgz",
      "integrity": "sha512-6tNubVVj/rRyTg+OXjQxACfufvCLHAwDQtv9wqt6q/3OYSnysHTik3ho3FaFPwu7fXJ+6p9Rjzkh2VY9QMk4bw==",
      "peer": true,
      "dependencies": {
        "tslib": "^2.3.0"
      },
      "engines": {
        "node": "^18.19.1 || ^20.11.1 || >=22.0.0"
      },
      "peerDependencies": {
        "@angular/common": "19.0.5",
        "@angular/core": "19.0.5",
        "@angular/platform-browser": "19.0.5",
        "rxjs": "^6.5.3 || ^7.4.0"
      }
    },
    "node_modules/@ionic/angular": {
      "version": "8.4.1",
      "resolved": "https://registry.npmjs.org/@ionic/angular/-/angular-8.4.1.tgz",
      "integrity": "sha512-22ghlHeIJjHDizns/huYp1sQ3Y9qYyUY9hEueIB0e8jsNhCOwhRijMIoOCZ/sfMKTbNaKX7EJ25NpVetF7mZXQ==",
      "dependencies": {
        "@ionic/core": "8.4.1",
        "ionicons": "^7.0.0",
        "jsonc-parser": "^3.0.0",
        "tslib": "^2.3.0"
      },
      "peerDependencies": {
        "@angular/core": ">=16.0.0",
        "@angular/forms": ">=16.0.0",
        "@angular/router": ">=16.0.0",
        "rxjs": ">=7.5.0",
        "zone.js": ">=0.13.0"
      }
    },
    "node_modules/@ionic/core": {
      "version": "8.4.1",
      "resolved": "https://registry.npmjs.org/@ionic/core/-/core-8.4.1.tgz",
      "integrity": "sha512-D5xpw5TF2wldpAWE0rHq3L+5T79EjR6d++QFpprjp+q+cFjjhOnfGD+2k7gLlWepAod9LUUigeL0JF02C2wgRQ==",
      "dependencies": {
        "@stencil/core": "4.20.0",
        "ionicons": "^7.2.2",
        "tslib": "^2.1.0"
      }
    },
    "node_modules/@stencil/core": {
      "version": "4.20.0",
      "resolved": "https://registry.npmjs.org/@stencil/core/-/core-4.20.0.tgz",
      "integrity": "sha512-WPrTHFngvN081RY+dJPneKQLwnOFD60OMCOQGmmSHfCW0f4ujPMzzhwWU1gcSwXPWXz5O+8cBiiCaxAbJU7kAg==",
      "bin": {
        "stencil": "bin/stencil"
      },
      "engines": {
        "node": ">=16.0.0",
        "npm": ">=7.10.0"
      }
    },
    "node_modules/ionicons": {
      "version": "7.4.0",
      "resolved": "https://registry.npmjs.org/ionicons/-/ionicons-7.4.0.tgz",
      "integrity": "sha512-ZK94MMqgzMCPPMhmk8Ouu6goyVHFIlw/ACP6oe3FrikcI0N7CX0xcwVaEbUc0G/v3W0shI93vo+9ve/KpvcNhQ==",
      "dependencies": {
        "@stencil/core": "^4.0.3"
      }
    },
    "node_modules/jsonc-parser": {
      "version": "3.3.1",
      "resolved": "https://registry.npmjs.org/jsonc-parser/-/jsonc-parser-3.3.1.tgz",
      "integrity": "sha512-HUgH65KyejrUFPvHFPbqOY0rsFip3Bo5wb4ngvdi1EpCYWUQDC5V+Y7mZws+DLkr4M//zQJoanu1SP+87Dv1oQ=="
    },
    "node_modules/rxjs": {
      "version": "7.8.1",
      "resolved": "https://registry.npmjs.org/rxjs/-/rxjs-7.8.1.tgz",
      "integrity": "sha512-AA3TVj+0A2iuIoQkWEK/tqFjBq2j+6PO6Y0zJcvzLAFhEFIO3HL0vls9hWLncZbAAbK0mar7oZ4V079I/qPMxg==",
      "peer": true,
      "dependencies": {
        "tslib": "^2.1.0"
      }
    },
    "node_modules/tslib": {
      "version": "2.8.1",
      "resolved": "https://registry.npmjs.org/tslib/-/tslib-2.8.1.tgz",
      "integrity": "sha512-oJFu94HQb+KVduSUQL7wnpmqnfmLsOA/nAh6b6EH0wCEoK0/mPeXU6c3wKDV83MkOuHPRHtSXKKU99IBazS/2w=="
    },
    "node_modules/zone.js": {
      "version": "0.15.0",
      "resolved": "https://registry.npmjs.org/zone.js/-/zone.js-0.15.0.tgz",
      "integrity": "sha512-9oxn0IIjbCZkJ67L+LkhYWRyAy7axphb3VgE2MBDlOqnmHMPWGYMxJxBYFueFq/JGY2GMwS0rU+UCLunEmy5UA==",
      "peer": true
    }
  }
}
